
Microsoft Visual Studio Solution File, Format Version 12.00
# Visual Studio Version 17
VisualStudioVersion = 17.14.36518.9
MinimumVisualStudioVersion = 10.0.40219.1
Project("{FAE04EC0-301F-11D3-BF4B-00C04F79EFBC}") = "WebApplication1", "WebApplication1\WebApplication1.csproj", "{00D38EE2-6B35-4C79-B3CD-0B776AD5418B}"
EndProject
Global
	GlobalSection(SolutionConfigurationPlatforms) = preSolution
		Debug|Any CPU = Debug|Any CPU
		Release|Any CPU = Release|Any CPU
	EndGlobalSection
	GlobalSection(ProjectConfigurationPlatforms) = postSolution
		{00D38EE2-6B35-4C79-B3CD-0B776AD5418B}.Debug|Any CPU.ActiveCfg = Debug|Any CPU
		{00D38EE2-6B35-4C79-B3CD-0B776AD5418B}.Debug|Any CPU.Build.0 = Debug|Any CPU
		{00D38EE2-6B35-4C79-B3CD-0B776AD5418B}.Release|Any CPU.ActiveCfg = Release|Any CPU
		{00D38EE2-6B35-4C79-B3CD-0B776AD5418B}.Release|Any CPU.Build.0 = Release|Any CPU
	EndGlobalSection
	GlobalSection(SolutionProperties) = preSolution
		HideSolutionNode = FALSE
	EndGlobalSection
	GlobalSection(ExtensibilityGlobals) = postSolution
		SolutionGuid = {01D2FECD-6B51-4247-AA88-8419F339D99B}
	EndGlobalSection
EndGlobal
